
Microsoft Visual Studio Solution File, Format Version 12.00
# Visual Studio Version 17
VisualStudioVersion = 17.8.34511.84
MinimumVisualStudioVersion = 10.0.40219.1
Project("{888888A0-9F3D-457C-B088-3A5042F75D52}") = "TonkiyClientt", "TonkiyClientt\TonkiyClientt.pyproj", "{A76F1473-72B3-43CE-803C-C9AB64C0D71D}"
EndProject
Global
	GlobalSection(SolutionConfigurationPlatforms) = preSolution
		Debug|Any CPU = Debug|Any CPU
		Release|Any CPU = Release|Any CPU
	EndGlobalSection
	GlobalSection(ProjectConfigurationPlatforms) = postSolution
		{A76F1473-72B3-43CE-803C-C9AB64C0D71D}.Debug|Any CPU.ActiveCfg = Debug|Any CPU
		{A76F1473-72B3-43CE-803C-C9AB64C0D71D}.Release|Any CPU.ActiveCfg = Release|Any CPU
	EndGlobalSection
	GlobalSection(SolutionProperties) = preSolution
		HideSolutionNode = FALSE
	EndGlobalSection
	GlobalSection(ExtensibilityGlobals) = postSolution
		SolutionGuid = {2F50496F-65B4-496C-AB5A-BD468C7AE40D}
	EndGlobalSection
EndGlobal
